
Microsoft Visual Studio Solution File, Format Version 12.00
# Visual Studio Version 16
VisualStudioVersion = 16.0.34031.81
MinimumVisualStudioVersion = 10.0.40219.1
Project("{2150E333-8FDC-42A3-9474-1A3956D46DE8}") = "Task0", "Task0", "{92925BD8-37B8-4658-8FA0-1745A5DC6C1D}"
EndProject
Project("{FAE04EC0-301F-11D3-BF4B-00C04F79EFBC}") = "Tyuiu.SysoevDA.Sprint2.Task0.V2", "Tyuiu.SysoevDA.Sprint2.Task0.V2\Tyuiu.SysoevDA.Sprint2.Task0.V2.csproj", "{4B7B8ED7-3B3F-4208-9067-997C5F0E1635}"
EndProject
Project("{FAE04EC0-301F-11D3-BF4B-00C04F79EFBC}") = "Tyuiu.SysoevDA.Sprint2.Task0.V2.Lib", "Tyuiu.SysoevDA.Sprint2.Task0.V2.Lib\Tyuiu.SysoevDA.Sprint2.Task0.V2.Lib.csproj", "{2BF283AF-EB7C-4771-9051-CED0EEB2C55F}"
EndProject
Project("{FAE04EC0-301F-11D3-BF4B-00C04F79EFBC}") = "Tyuiu.SysoevDA.Sprint2.Task0.V2.Test", "Tyuiu.SysoevDA.Sprint2.Task0.V2.Test\Tyuiu.SysoevDA.Sprint2.Task0.V2.Test.csproj", "{B79FFC33-3182-446F-BA03-7603BA1FBC3F}"
EndProject
Project("{2150E333-8FDC-42A3-9474-1A3956D46DE8}") = "Task1", "Task1", "{86138EF1-8710-4FB7-A2BF-03B2448A0C32}"
EndProject
Project("{FAE04EC0-301F-11D3-BF4B-00C04F79EFBC}") = "Tyuiu.SysoevDA.Sprint2.Task1.V25", "Tyuiu.SysoevDA.Sprint2.Task1.V25\Tyuiu.SysoevDA.Sprint2.Task1.V25.csproj", "{E9FE27CA-F026-454E-AE70-92220ADA33E6}"
EndProject
Project("{FAE04EC0-301F-11D3-BF4B-00C04F79EFBC}") = "Tyuiu.SysoevDA.Sprint2.Task1.V25.Lib", "Tyuiu.SysoevDA.Sprint2.Task1.V25.Lib\Tyuiu.SysoevDA.Sprint2.Task1.V25.Lib.csproj", "{6E715956-D993-4B6A-9C25-0DC99AB9FF10}"
EndProject
Project("{FAE04EC0-301F-11D3-BF4B-00C04F79EFBC}") = "Tyuiu.SysoevDA.Sprint2.Task1.V25.Test", "Tyuiu.SysoevDA.Sprint2.Task1.V25.Test\Tyuiu.SysoevDA.Sprint2.Task1.V25.Test.csproj", "{17573D82-8B63-489A-874F-B443B163A367}"
EndProject
Project("{2150E333-8FDC-42A3-9474-1A3956D46DE8}") = "Task2", "Task2", "{76C74354-EFE6-4364-A5A3-7124EA7B4A30}"
EndProject
Project("{FAE04EC0-301F-11D3-BF4B-00C04F79EFBC}") = "Tyuiu.SysoevDA.Sprint2.Task2.V3", "Tyuiu.SysoevDA.Sprint2.Task2.V3\Tyuiu.SysoevDA.Sprint2.Task2.V3.csproj", "{3803D11A-2E69-4E41-90F0-90AC2ED87595}"
EndProject
Project("{FAE04EC0-301F-11D3-BF4B-00C04F79EFBC}") = "Tyuiu.SysoevDA.Sprint2.Task2.V3.Lib", "Tyuiu.SysoevDA.Sprint2.Task2.V3.Lib\Tyuiu.SysoevDA.Sprint2.Task2.V3.Lib.csproj", "{24D62D54-9D5D-45CA-99EE-6F49CB1A7FE5}"
EndProject
Project("{FAE04EC0-301F-11D3-BF4B-00C04F79EFBC}") = "Tyuiu.SysoevDA.Sprint2.Task2.V3.Test", "Tyuiu.SysoevDA.Sprint2.Task2.V3.Test\Tyuiu.SysoevDA.Sprint2.Task2.V3.Test.csproj", "{F39B7BB4-3258-4CFA-8B53-258377915359}"
EndProject
Project("{2150E333-8FDC-42A3-9474-1A3956D46DE8}") = "Task3", "Task3", "{E99A7DF5-C3F9-4234-92EE-C172F4390D98}"
EndProject
Project("{FAE04EC0-301F-11D3-BF4B-00C04F79EFBC}") = "Tyuiu.SysoevDA.Sprint2.Task3.V24", "Tyuiu.SysoevDA.Sprint2.Task3.V24\Tyuiu.SysoevDA.Sprint2.Task3.V24.csproj", "{64BE7447-FD3C-4BE2-B9FA-77A28057E217}"
EndProject
Project("{FAE04EC0-301F-11D3-BF4B-00C04F79EFBC}") = "Tyuiu.SysoevDA.Sprint2.Task3.V24.Lib", "Tyuiu.SysoevDA.Sprint2.Task3.V24.Lib\Tyuiu.SysoevDA.Sprint2.Task3.V24.Lib.csproj", "{08FF2DAF-849E-4946-BB86-B9659DFBEBDD}"
EndProject
Project("{FAE04EC0-301F-11D3-BF4B-00C04F79EFBC}") = "Tyuiu.SysoevDA.Sprint2.Task3.V24.Test", "Tyuiu.SysoevDA.Sprint2.Task3.V24.Test\Tyuiu.SysoevDA.Sprint2.Task3.V24.Test.csproj", "{CAC5EDAE-FA6D-4822-AF55-5F9AFBD4971E}"
EndProject
Global
	GlobalSection(SolutionConfigurationPlatforms) = preSolution
		Debug|Any CPU = Debug|Any CPU
		Release|Any CPU = Release|Any CPU
	EndGlobalSection
	GlobalSection(ProjectConfigurationPlatforms) = postSolution
		{4B7B8ED7-3B3F-4208-9067-997C5F0E1635}.Debug|Any CPU.ActiveCfg = Debug|Any CPU
		{4B7B8ED7-3B3F-4208-9067-997C5F0E1635}.Debug|Any CPU.Build.0 = Debug|Any CPU
		{4B7B8ED7-3B3F-4208-9067-997C5F0E1635}.Release|Any CPU.ActiveCfg = Release|Any CPU
		{4B7B8ED7-3B3F-4208-9067-997C5F0E1635}.Release|Any CPU.Build.0 = Release|Any CPU
		{2BF283AF-EB7C-4771-9051-CED0EEB2C55F}.Debug|Any CPU.ActiveCfg = Debug|Any CPU
		{2BF283AF-EB7C-4771-9051-CED0EEB2C55F}.Debug|Any CPU.Build.0 = Debug|Any CPU
		{2BF283AF-EB7C-4771-9051-CED0EEB2C55F}.Release|Any CPU.ActiveCfg = Release|Any CPU
		{2BF283AF-EB7C-4771-9051-CED0EEB2C55F}.Release|Any CPU.Build.0 = Release|Any CPU
		{B79FFC33-3182-446F-BA03-7603BA1FBC3F}.Debug|Any CPU.ActiveCfg = Debug|Any CPU
		{B79FFC33-3182-446F-BA03-7603BA1FBC3F}.Debug|Any CPU.Build.0 = Debug|Any CPU
		{B79FFC33-3182-446F-BA03-7603BA1FBC3F}.Release|Any CPU.ActiveCfg = Release|Any CPU
		{B79FFC33-3182-446F-BA03-7603BA1FBC3F}.Release|Any CPU.Build.0 = Release|Any CPU
		{E9FE27CA-F026-454E-AE70-92220ADA33E6}.Debug|Any CPU.ActiveCfg = Debug|Any CPU
		{E9FE27CA-F026-454E-AE70-92220ADA33E6}.Debug|Any CPU.Build.0 = Debug|Any CPU
		{E9FE27CA-F026-454E-AE70-92220ADA33E6}.Release|Any CPU.ActiveCfg = Release|Any CPU
		{E9FE27CA-F026-454E-AE70-92220ADA33E6}.Release|Any CPU.Build.0 = Release|Any CPU
		{6E715956-D993-4B6A-9C25-0DC99AB9FF10}.Debug|Any CPU.ActiveCfg = Debug|Any CPU
		{6E715956-D993-4B6A-9C25-0DC99AB9FF10}.Debug|Any CPU.Build.0 = Debug|Any CPU
		{6E715956-D993-4B6A-9C25-0DC99AB9FF10}.Release|Any CPU.ActiveCfg = Release|Any CPU
		{6E715956-D993-4B6A-9C25-0DC99AB9FF10}.Release|Any CPU.Build.0 = Release|Any CPU
		{17573D82-8B63-489A-874F-B443B163A367}.Debug|Any CPU.ActiveCfg = Debug|Any CPU
		{17573D82-8B63-489A-874F-B443B163A367}.Debug|Any CPU.Build.0 = Debug|Any CPU
		{17573D82-8B63-489A-874F-B443B163A367}.Release|Any CPU.ActiveCfg = Release|Any CPU
		{17573D82-8B63-489A-874F-B443B163A367}.Release|Any CPU.Build.0 = Release|Any CPU
		{3803D11A-2E69-4E41-90F0-90AC2ED87595}.Debug|Any CPU.ActiveCfg = Debug|Any CPU
		{3803D11A-2E69-4E41-90F0-90AC2ED87595}.Debug|Any CPU.Build.0 = Debug|Any CPU
		{3803D11A-2E69-4E41-90F0-90AC2ED87595}.Release|Any CPU.ActiveCfg = Release|Any CPU
		{3803D11A-2E69-4E41-90F0-90AC2ED87595}.Release|Any CPU.Build.0 = Release|Any CPU
		{24D62D54-9D5D-45CA-99EE-6F49CB1A7FE5}.Debug|Any CPU.ActiveCfg = Debug|Any CPU
		{24D62D54-9D5D-45CA-99EE-6F49CB1A7FE5}.Debug|Any CPU.Build.0 = Debug|Any CPU
		{24D62D54-9D5D-45CA-99EE-6F49CB1A7FE5}.Release|Any CPU.ActiveCfg = Release|Any CPU
		{24D62D54-9D5D-45CA-99EE-6F49CB1A7FE5}.Release|Any CPU.Build.0 = Release|Any CPU
		{F39B7BB4-3258-4CFA-8B53-258377915359}.Debug|Any CPU.ActiveCfg = Debug|Any CPU
		{F39B7BB4-3258-4CFA-8B53-258377915359}.Debug|Any CPU.Build.0 = Debug|Any CPU
		{F39B7BB4-3258-4CFA-8B53-258377915359}.Release|Any CPU.ActiveCfg = Release|Any CPU
		{F39B7BB4-3258-4CFA-8B53-258377915359}.Release|Any CPU.Build.0 = Release|Any CPU
		{64BE7447-FD3C-4BE2-B9FA-77A28057E217}.Debug|Any CPU.ActiveCfg = Debug|Any CPU
		{64BE7447-FD3C-4BE2-B9FA-77A28057E217}.Debug|Any CPU.Build.0 = Debug|Any CPU
		{64BE7447-FD3C-4BE2-B9FA-77A28057E217}.Release|Any CPU.ActiveCfg = Release|Any CPU
		{64BE7447-FD3C-4BE2-B9FA-77A28057E217}.Release|Any CPU.Build.0 = Release|Any CPU
		{08FF2DAF-849E-4946-BB86-B9659DFBEBDD}.Debug|Any CPU.ActiveCfg = Debug|Any CPU
		{08FF2DAF-849E-4946-BB86-B9659DFBEBDD}.Debug|Any CPU.Build.0 = Debug|Any CPU
		{08FF2DAF-849E-4946-BB86-B9659DFBEBDD}.Release|Any CPU.ActiveCfg = Release|Any CPU
		{08FF2DAF-849E-4946-BB86-B9659DFBEBDD}.Release|Any CPU.Build.0 = Release|Any CPU
		{CAC5EDAE-FA6D-4822-AF55-5F9AFBD4971E}.Debug|Any CPU.ActiveCfg = Debug|Any CPU
		{CAC5EDAE-FA6D-4822-AF55-5F9AFBD4971E}.Debug|Any CPU.Build.0 = Debug|Any CPU
		{CAC5EDAE-FA6D-4822-AF55-5F9AFBD4971E}.Release|Any CPU.ActiveCfg = Release|Any CPU
		{CAC5EDAE-FA6D-4822-AF55-5F9AFBD4971E}.Release|Any CPU.Build.0 = Release|Any CPU
	EndGlobalSection
	GlobalSection(SolutionProperties) = preSolution
		HideSolutionNode = FALSE
	EndGlobalSection
	GlobalSection(NestedProjects) = preSolution
		{4B7B8ED7-3B3F-4208-9067-997C5F0E1635} = {92925BD8-37B8-4658-8FA0-1745A5DC6C1D}
		{2BF283AF-EB7C-4771-9051-CED0EEB2C55F} = {92925BD8-37B8-4658-8FA0-1745A5DC6C1D}
		{B79FFC33-3182-446F-BA03-7603BA1FBC3F} = {92925BD8-37B8-4658-8FA0-1745A5DC6C1D}
		{E9FE27CA-F026-454E-AE70-92220ADA33E6} = {86138EF1-8710-4FB7-A2BF-03B2448A0C32}
		{6E715956-D993-4B6A-9C25-0DC99AB9FF10} = {86138EF1-8710-4FB7-A2BF-03B2448A0C32}
		{17573D82-8B63-489A-874F-B443B163A367} = {86138EF1-8710-4FB7-A2BF-03B2448A0C32}
		{3803D11A-2E69-4E41-90F0-90AC2ED87595} = {76C74354-EFE6-4364-A5A3-7124EA7B4A30}
		{24D62D54-9D5D-45CA-99EE-6F49CB1A7FE5} = {76C74354-EFE6-4364-A5A3-7124EA7B4A30}
		{F39B7BB4-3258-4CFA-8B53-258377915359} = {76C74354-EFE6-4364-A5A3-7124EA7B4A30}
		{64BE7447-FD3C-4BE2-B9FA-77A28057E217} = {E99A7DF5-C3F9-4234-92EE-C172F4390D98}
		{08FF2DAF-849E-4946-BB86-B9659DFBEBDD} = {E99A7DF5-C3F9-4234-92EE-C172F4390D98}
		{CAC5EDAE-FA6D-4822-AF55-5F9AFBD4971E} = {E99A7DF5-C3F9-4234-92EE-C172F4390D98}
	EndGlobalSection
	GlobalSection(ExtensibilityGlobals) = postSolution
		SolutionGuid = {7B22B5AD-3B99-45E0-983C-D9FF9DBC8471}
	EndGlobalSection
EndGlobal
